
Microsoft Visual Studio Solution File, Format Version 12.00
# Visual Studio Version 16
VisualStudioVersion = 16.0.33423.256
MinimumVisualStudioVersion = 10.0.40219.1
Project("{C9674DCB-5085-4A16-B785-4C70DD1589BD}") = "new", "new\new.dtproj", "{BC85268D-CCA3-417E-BE03-1D36DCFDFC81}"
EndProject
Global
	GlobalSection(SolutionConfigurationPlatforms) = preSolution
		Development|Default = Development|Default
	EndGlobalSection
	GlobalSection(ProjectConfigurationPlatforms) = postSolution
		{BC85268D-CCA3-417E-BE03-1D36DCFDFC81}.Development|Default.ActiveCfg = Development
		{BC85268D-CCA3-417E-BE03-1D36DCFDFC81}.Development|Default.Build.0 = Development
	EndGlobalSection
	GlobalSection(SolutionProperties) = preSolution
		HideSolutionNode = FALSE
	EndGlobalSection
	GlobalSection(ExtensibilityGlobals) = postSolution
		SolutionGuid = {DC1CB40D-84FB-4C0B-A331-70B879239243}
	EndGlobalSection
EndGlobal
